
Microsoft Visual Studio Solution File, Format Version 12.00
# Visual Studio Version 16
VisualStudioVersion = 16.0.29201.188
MinimumVisualStudioVersion = 10.0.40219.1
Project("{FAE04EC0-301F-11D3-BF4B-00C04F79EFBC}") = "WEB_MVC_FRONT", "WEB_MVC_FRONT\WEB_MVC_FRONT.csproj", "{EC8C0FAE-1E57-4F2F-8960-6CC294C067F2}"
EndProject
Project("{FAE04EC0-301F-11D3-BF4B-00C04F79EFBC}") = "MIMODELO_envases", "..\MIMODELO_envases\MIMODELO_envases.csproj", "{B37273B2-B0B7-41D2-A63F-BBA3844A33DD}"
EndProject
Project("{FAE04EC0-301F-11D3-BF4B-00C04F79EFBC}") = "MIMODELO", "..\MIMODELO\MIMODELO.csproj", "{EA51B587-2C57-41D4-BF69-D8639364DE64}"
EndProject
Project("{FAE04EC0-301F-11D3-BF4B-00C04F79EFBC}") = "WebApiJWT_Swagger", "..\WebApiJWT_Swagger\WebApiJWT_Swagger.csproj", "{7A6891E2-F60D-4E14-A450-131EFB9F4598}"
EndProject
Global
	GlobalSection(SolutionConfigurationPlatforms) = preSolution
		Debug|Any CPU = Debug|Any CPU
		Release|Any CPU = Release|Any CPU
	EndGlobalSection
	GlobalSection(ProjectConfigurationPlatforms) = postSolution
		{EC8C0FAE-1E57-4F2F-8960-6CC294C067F2}.Debug|Any CPU.ActiveCfg = Debug|Any CPU
		{EC8C0FAE-1E57-4F2F-8960-6CC294C067F2}.Debug|Any CPU.Build.0 = Debug|Any CPU
		{EC8C0FAE-1E57-4F2F-8960-6CC294C067F2}.Release|Any CPU.ActiveCfg = Release|Any CPU
		{EC8C0FAE-1E57-4F2F-8960-6CC294C067F2}.Release|Any CPU.Build.0 = Release|Any CPU
		{B37273B2-B0B7-41D2-A63F-BBA3844A33DD}.Debug|Any CPU.ActiveCfg = Debug|Any CPU
		{B37273B2-B0B7-41D2-A63F-BBA3844A33DD}.Debug|Any CPU.Build.0 = Debug|Any CPU
		{B37273B2-B0B7-41D2-A63F-BBA3844A33DD}.Release|Any CPU.ActiveCfg = Release|Any CPU
		{B37273B2-B0B7-41D2-A63F-BBA3844A33DD}.Release|Any CPU.Build.0 = Release|Any CPU
		{EA51B587-2C57-41D4-BF69-D8639364DE64}.Debug|Any CPU.ActiveCfg = Debug|Any CPU
		{EA51B587-2C57-41D4-BF69-D8639364DE64}.Debug|Any CPU.Build.0 = Debug|Any CPU
		{EA51B587-2C57-41D4-BF69-D8639364DE64}.Release|Any CPU.ActiveCfg = Release|Any CPU
		{EA51B587-2C57-41D4-BF69-D8639364DE64}.Release|Any CPU.Build.0 = Release|Any CPU
		{7A6891E2-F60D-4E14-A450-131EFB9F4598}.Debug|Any CPU.ActiveCfg = Debug|Any CPU
		{7A6891E2-F60D-4E14-A450-131EFB9F4598}.Debug|Any CPU.Build.0 = Debug|Any CPU
		{7A6891E2-F60D-4E14-A450-131EFB9F4598}.Release|Any CPU.ActiveCfg = Release|Any CPU
		{7A6891E2-F60D-4E14-A450-131EFB9F4598}.Release|Any CPU.Build.0 = Release|Any CPU
	EndGlobalSection
	GlobalSection(SolutionProperties) = preSolution
		HideSolutionNode = FALSE
	EndGlobalSection
	GlobalSection(ExtensibilityGlobals) = postSolution
		SolutionGuid = {D76D56F3-BC46-412B-A176-21135806AD04}
	EndGlobalSection
EndGlobal
